{
  "name": "llm-challenges",
  "version": "1.0.0",
  "lockfileVersion": 3,
  "requires": true,
  "packages": {
    "": {
      "name": "llm-challenges",
      "version": "1.0.0",
      "devDependencies": {
        "@typescript/native-preview": "^7.0.0-dev.20260403.1",
        "typescript": "^5.7.0"
      }
    },
    "node_modules/@typescript/native-preview": {
      "version": "7.0.0-dev.20260403.1",
      "resolved": "https://registry.npmjs.org/@typescript/native-preview/-/native-preview-7.0.0-dev.20260403.1.tgz",
      "integrity": "sha512-iy+90WygcMl3IPnvI3RLMfbieOCT5OW/RMPnnk+H1kY8AcqQGXqGZfrasUKH+/zfmtM+W+gsDs3nSNk2ScKy4g==",
      "dev": true,
      "license": "Apache-2.0",
      "bin": {
        "tsgo": "bin/tsgo.js"
      },
      "optionalDependencies": {
        "@typescript/native-preview-darwin-arm64": "7.0.0-dev.20260403.1",
        "@typescript/native-preview-darwin-x64": "7.0.0-dev.20260403.1",
        "@typescript/native-preview-linux-arm": "7.0.0-dev.20260403.1",
        "@typescript/native-preview-linux-arm64": "7.0.0-dev.20260403.1",
        "@typescript/native-preview-linux-x64": "7.0.0-dev.20260403.1",
        "@typescript/native-preview-win32-arm64": "7.0.0-dev.20260403.1",
        "@typescript/native-preview-win32-x64": "7.0.0-dev.20260403.1"
      }
    },
    "node_modules/@typescript/native-preview-darwin-arm64": {
      "version": "7.0.0-dev.20260403.1",
      "resolved": "https://registry.npmjs.org/@typescript/native-preview-darwin-arm64/-/native-preview-darwin-arm64-7.0.0-dev.20260403.1.tgz",
      "integrity": "sha512-ugcAqKn2F+kHVmCm2AvFeSpCyf4aKmtuuKqYJsrkozqiH124Vcs8uZgT9PWBUXqYeCPXQ09cAeGHsR1rLSwK0Q==",
      "cpu": [
        "arm64"
      ],
      "dev": true,
      "license": "Apache-2.0",
      "optional": true,
      "os": [
        "darwin"
      ]
    },
    "node_modules/@typescript/native-preview-darwin-x64": {
      "version": "7.0.0-dev.20260403.1",
      "resolved": "https://registry.npmjs.org/@typescript/native-preview-darwin-x64/-/native-preview-darwin-x64-7.0.0-dev.20260403.1.tgz",
      "integrity": "sha512-aka3t5q8CkUgOECb1xUmGLu6dUWVT9rPK6qAUFYkUFrIGOQQKnq03xZV8za6TuV91CBG/vYW5nOZ0Cbam6lhDw==",
      "cpu": [
        "x64"
      ],
      "dev": true,
      "license": "Apache-2.0",
      "optional": true,
      "os": [
        "darwin"
      ]
    },
    "node_modules/@typescript/native-preview-linux-arm": {
      "version": "7.0.0-dev.20260403.1",
      "resolved": "https://registry.npmjs.org/@typescript/native-preview-linux-arm/-/native-preview-linux-arm-7.0.0-dev.20260403.1.tgz",
      "integrity": "sha512-NpTDW/ls7jrl9UMh5dF6pgznx7J0/FVbPlqtW1JmyjW/4hjc/6Y5noisWTn0PS6nrVlk1zpx+CI3qwlbmOeNBg==",
      "cpu": [
        "arm"
      ],
      "dev": true,
      "license": "Apache-2.0",
      "optional": true,
      "os": [
        "linux"
      ]
    },
    "node_modules/@typescript/native-preview-linux-arm64": {
      "version": "7.0.0-dev.20260403.1",
      "resolved": "https://registry.npmjs.org/@typescript/native-preview-linux-arm64/-/native-preview-linux-arm64-7.0.0-dev.20260403.1.tgz",
      "integrity": "sha512-bQRELks2/P2wrnLIBgVogTymLa9l3fkTDBSfftopBJeHdHfc0KD5ceVXKRRToYNrkJluVNID9UzOOF61r/Wouw==",
      "cpu": [
        "arm64"
      ],
      "dev": true,
      "license": "Apache-2.0",
      "optional": true,
      "os": [
        "linux"
      ]
    },
    "node_modules/@typescript/native-preview-linux-x64": {
      "version": "7.0.0-dev.20260403.1",
      "resolved": "https://registry.npmjs.org/@typescript/native-preview-linux-x64/-/native-preview-linux-x64-7.0.0-dev.20260403.1.tgz",
      "integrity": "sha512-BpOPq+7JNqZrvkTXqGJjQYSGp/4I3YVPZEgjtHQYvMhbtm/J2wKOP0pA5OleLK/g3XNd0O2BDqeqbLiMWogCqw==",
      "cpu": [
        "x64"
      ],
      "dev": true,
      "license": "Apache-2.0",
      "optional": true,
      "os": [
        "linux"
      ]
    },
    "node_modules/@typescript/native-preview-win32-arm64": {
      "version": "7.0.0-dev.20260403.1",
      "resolved": "https://registry.npmjs.org/@typescript/native-preview-win32-arm64/-/native-preview-win32-arm64-7.0.0-dev.20260403.1.tgz",
      "integrity": "sha512-GtmysWvS9BHQGpqF+tOQeiFji+rAiUIfWC2f/n+y8UlRYoqrjzNEqMrXJMRKKT37sdote2mVsendg12aLEVDJA==",
      "cpu": [
        "arm64"
      ],
      "dev": true,
      "license": "Apache-2.0",
      "optional": true,
      "os": [
        "win32"
      ]
    },
    "node_modules/@typescript/native-preview-win32-x64": {
      "version": "7.0.0-dev.20260403.1",
      "resolved": "https://registry.npmjs.org/@typescript/native-preview-win32-x64/-/native-preview-win32-x64-7.0.0-dev.20260403.1.tgz",
      "integrity": "sha512-qqhzP1/8MaGnpWkFdRQupAR6Ta0Z0ntf4QZ7dhP/sqO7xUwavok0pe+AsC96nyDaEOzYJCk5VGewnDV3gv10/Q==",
      "cpu": [
        "x64"
      ],
      "dev": true,
      "license": "Apache-2.0",
      "optional": true,
      "os": [
        "win32"
      ]
    },
    "node_modules/typescript": {
      "version": "5.9.3",
      "resolved": "https://registry.npmjs.org/typescript/-/typescript-5.9.3.tgz",
      "integrity": "sha512-jl1vZzPDinLr9eUt3J/t7V6FgNEw9QjvBPdysz9KfQDD41fQrC2Y4vKQdiaUpFT4bXlb1RHhLpp8wtm6M5TgSw==",
      "dev": true,
      "license": "Apache-2.0",
      "bin": {
        "tsc": "bin/tsc",
        "tsserver": "bin/tsserver"
      },
      "engines": {
        "node": ">=14.17"
      }
    }
  }
}
